github.com/COVESA/vss-tools/binary/go_parser/datamodel v0.0.0-20211207094201-7208d48f32b6/go.mod h1:g2N97BLJNriANqodWem0usF9fKwwUFHP+VxG1dfSsZQ=
github.com/COVESA/vss-tools/binary/go_parser/datamodel v0.0.0-20220329142604-d2e9f2e54f70 h1:pOkLkBW8LI16clr8uHMWmpU/bpfTJiX+eFQdGrYSKSo=
github.com/COVESA/vss-tools/binary/go_parser/datamodel v0.0.0-20220329142604-d2e9f2e54f70/go.mod h1:g2N97BLJNriANqodWem0usF9fKwwUFHP+VxG1dfSsZQ=
github.com/COVESA/vss-tools/binary/go_parser/parserlib v0.0.0-20220329142604-d2e9f2e54f70 h1:OULwZKFFh/9+Io4uGka5AwJwYgTLH/n35//xoAij97w=
github.com/COVESA/vss-tools/binary/go_parser/parserlib v0.0.0-20220329142604-d2e9f2e54f70/go.mod h1:rWjamgjPuXRJ5kKJrwibrR1Pe771seoUO/9OauCu/Y4=
